
Microsoft Visual Studio Solution File, Format Version 12.00
# Visual Studio Version 17
VisualStudioVersion = 17.0.31903.59
MinimumVisualStudioVersion = 10.0.40219.1
Project("{2150E333-8FDC-42A3-9474-1A3956D46DE8}") = "src", "src", "{827E0CD3-B72D-47B6-A68D-7590B98EB39B}"
EndProject
Project("{FAE04EC0-301F-11D3-BF4B-00C04F79EFBC}") = "TescoClone.Domain", "src\TescoClone.Domain\TescoClone.Domain.csproj", "{3CDBFAA7-1527-4752-A2FF-A96B45531DC8}"
EndProject
Project("{FAE04EC0-301F-11D3-BF4B-00C04F79EFBC}") = "TescoClone.Application", "src\TescoClone.Application\TescoClone.Application.csproj", "{22BB3A21-7512-43DD-B7BE-2B3B933EFAAF}"
EndProject
Project("{FAE04EC0-301F-11D3-BF4B-00C04F79EFBC}") = "TescoClone.Infrastructure", "src\TescoClone.Infrastructure\TescoClone.Infrastructure.csproj", "{8BCAF953-711A-45E6-8569-5FB145C6D4DE}"
EndProject
Project("{FAE04EC0-301F-11D3-BF4B-00C04F79EFBC}") = "TescoClone.API", "src\TescoClone.API\TescoClone.API.csproj", "{C6CEBAF8-9DCA-407D-B433-DD43FECEE8A7}"
EndProject
Project("{FAE04EC0-301F-11D3-BF4B-00C04F79EFBC}") = "TescoClone.IntegrationTests", "tests\TescoClone.IntegrationTests\TescoClone.IntegrationTests.csproj", "{DEF00F66-1AF0-4239-8B04-7A5441E4FBF8}"
EndProject
Project("{2150E333-8FDC-42A3-9474-1A3956D46DE8}") = "tests", "tests", "{0AB3BF05-4346-4AA6-1389-037BE0695223}"
EndProject
Project("{FAE04EC0-301F-11D3-BF4B-00C04F79EFBC}") = "TescoClone.UnitTests", "tests\TescoClone.UnitTests\TescoClone.UnitTests.csproj", "{8F16A16C-73C8-4C2C-8169-69C95CA3F7DF}"
EndProject
Global
	GlobalSection(SolutionConfigurationPlatforms) = preSolution
		Debug|Any CPU = Debug|Any CPU
		Debug|x64 = Debug|x64
		Debug|x86 = Debug|x86
		Release|Any CPU = Release|Any CPU
		Release|x64 = Release|x64
		Release|x86 = Release|x86
	EndGlobalSection
	GlobalSection(ProjectConfigurationPlatforms) = postSolution
		{3CDBFAA7-1527-4752-A2FF-A96B45531DC8}.Debug|Any CPU.ActiveCfg = Debug|Any CPU
		{3CDBFAA7-1527-4752-A2FF-A96B45531DC8}.Debug|Any CPU.Build.0 = Debug|Any CPU
		{3CDBFAA7-1527-4752-A2FF-A96B45531DC8}.Debug|x64.ActiveCfg = Debug|Any CPU
		{3CDBFAA7-1527-4752-A2FF-A96B45531DC8}.Debug|x64.Build.0 = Debug|Any CPU
		{3CDBFAA7-1527-4752-A2FF-A96B45531DC8}.Debug|x86.ActiveCfg = Debug|Any CPU
		{3CDBFAA7-1527-4752-A2FF-A96B45531DC8}.Debug|x86.Build.0 = Debug|Any CPU
		{3CDBFAA7-1527-4752-A2FF-A96B45531DC8}.Release|Any CPU.ActiveCfg = Release|Any CPU
		{3CDBFAA7-1527-4752-A2FF-A96B45531DC8}.Release|Any CPU.Build.0 = Release|Any CPU
		{3CDBFAA7-1527-4752-A2FF-A96B45531DC8}.Release|x64.ActiveCfg = Release|Any CPU
		{3CDBFAA7-1527-4752-A2FF-A96B45531DC8}.Release|x64.Build.0 = Release|Any CPU
		{3CDBFAA7-1527-4752-A2FF-A96B45531DC8}.Release|x86.ActiveCfg = Release|Any CPU
		{3CDBFAA7-1527-4752-A2FF-A96B45531DC8}.Release|x86.Build.0 = Release|Any CPU
		{22BB3A21-7512-43DD-B7BE-2B3B933EFAAF}.Debug|Any CPU.ActiveCfg = Debug|Any CPU
		{22BB3A21-7512-43DD-B7BE-2B3B933EFAAF}.Debug|Any CPU.Build.0 = Debug|Any CPU
		{22BB3A21-7512-43DD-B7BE-2B3B933EFAAF}.Debug|x64.ActiveCfg = Debug|Any CPU
		{22BB3A21-7512-43DD-B7BE-2B3B933EFAAF}.Debug|x64.Build.0 = Debug|Any CPU
		{22BB3A21-7512-43DD-B7BE-2B3B933EFAAF}.Debug|x86.ActiveCfg = Debug|Any CPU
		{22BB3A21-7512-43DD-B7BE-2B3B933EFAAF}.Debug|x86.Build.0 = Debug|Any CPU
		{22BB3A21-7512-43DD-B7BE-2B3B933EFAAF}.Release|Any CPU.ActiveCfg = Release|Any CPU
		{22BB3A21-7512-43DD-B7BE-2B3B933EFAAF}.Release|Any CPU.Build.0 = Release|Any CPU
		{22BB3A21-7512-43DD-B7BE-2B3B933EFAAF}.Release|x64.ActiveCfg = Release|Any CPU
		{22BB3A21-7512-43DD-B7BE-2B3B933EFAAF}.Release|x64.Build.0 = Release|Any CPU
		{22BB3A21-7512-43DD-B7BE-2B3B933EFAAF}.Release|x86.ActiveCfg = Release|Any CPU
		{22BB3A21-7512-43DD-B7BE-2B3B933EFAAF}.Release|x86.Build.0 = Release|Any CPU
		{8BCAF953-711A-45E6-8569-5FB145C6D4DE}.Debug|Any CPU.ActiveCfg = Debug|Any CPU
		{8BCAF953-711A-45E6-8569-5FB145C6D4DE}.Debug|Any CPU.Build.0 = Debug|Any CPU
		{8BCAF953-711A-45E6-8569-5FB145C6D4DE}.Debug|x64.ActiveCfg = Debug|Any CPU
		{8BCAF953-711A-45E6-8569-5FB145C6D4DE}.Debug|x64.Build.0 = Debug|Any CPU
		{8BCAF953-711A-45E6-8569-5FB145C6D4DE}.Debug|x86.ActiveCfg = Debug|Any CPU
		{8BCAF953-711A-45E6-8569-5FB145C6D4DE}.Debug|x86.Build.0 = Debug|Any CPU
		{8BCAF953-711A-45E6-8569-5FB145C6D4DE}.Release|Any CPU.ActiveCfg = Release|Any CPU
		{8BCAF953-711A-45E6-8569-5FB145C6D4DE}.Release|Any CPU.Build.0 = Release|Any CPU
		{8BCAF953-711A-45E6-8569-5FB145C6D4DE}.Release|x64.ActiveCfg = Release|Any CPU
		{8BCAF953-711A-45E6-8569-5FB145C6D4DE}.Release|x64.Build.0 = Release|Any CPU
		{8BCAF953-711A-45E6-8569-5FB145C6D4DE}.Release|x86.ActiveCfg = Release|Any CPU
		{8BCAF953-711A-45E6-8569-5FB145C6D4DE}.Release|x86.Build.0 = Release|Any CPU
		{C6CEBAF8-9DCA-407D-B433-DD43FECEE8A7}.Debug|Any CPU.ActiveCfg = Debug|Any CPU
		{C6CEBAF8-9DCA-407D-B433-DD43FECEE8A7}.Debug|Any CPU.Build.0 = Debug|Any CPU
		{C6CEBAF8-9DCA-407D-B433-DD43FECEE8A7}.Debug|x64.ActiveCfg = Debug|Any CPU
		{C6CEBAF8-9DCA-407D-B433-DD43FECEE8A7}.Debug|x64.Build.0 = Debug|Any CPU
		{C6CEBAF8-9DCA-407D-B433-DD43FECEE8A7}.Debug|x86.ActiveCfg = Debug|Any CPU
		{C6CEBAF8-9DCA-407D-B433-DD43FECEE8A7}.Debug|x86.Build.0 = Debug|Any CPU
		{C6CEBAF8-9DCA-407D-B433-DD43FECEE8A7}.Release|Any CPU.ActiveCfg = Release|Any CPU
		{C6CEBAF8-9DCA-407D-B433-DD43FECEE8A7}.Release|Any CPU.Build.0 = Release|Any CPU
		{C6CEBAF8-9DCA-407D-B433-DD43FECEE8A7}.Release|x64.ActiveCfg = Release|Any CPU
		{C6CEBAF8-9DCA-407D-B433-DD43FECEE8A7}.Release|x64.Build.0 = Release|Any CPU
		{C6CEBAF8-9DCA-407D-B433-DD43FECEE8A7}.Release|x86.ActiveCfg = Release|Any CPU
		{C6CEBAF8-9DCA-407D-B433-DD43FECEE8A7}.Release|x86.Build.0 = Release|Any CPU
		{DEF00F66-1AF0-4239-8B04-7A5441E4FBF8}.Debug|Any CPU.ActiveCfg = Debug|Any CPU
		{DEF00F66-1AF0-4239-8B04-7A5441E4FBF8}.Debug|Any CPU.Build.0 = Debug|Any CPU
		{DEF00F66-1AF0-4239-8B04-7A5441E4FBF8}.Debug|x64.ActiveCfg = Debug|Any CPU
		{DEF00F66-1AF0-4239-8B04-7A5441E4FBF8}.Debug|x64.Build.0 = Debug|Any CPU
		{DEF00F66-1AF0-4239-8B04-7A5441E4FBF8}.Debug|x86.ActiveCfg = Debug|Any CPU
		{DEF00F66-1AF0-4239-8B04-7A5441E4FBF8}.Debug|x86.Build.0 = Debug|Any CPU
		{DEF00F66-1AF0-4239-8B04-7A5441E4FBF8}.Release|Any CPU.ActiveCfg = Release|Any CPU
		{DEF00F66-1AF0-4239-8B04-7A5441E4FBF8}.Release|Any CPU.Build.0 = Release|Any CPU
		{DEF00F66-1AF0-4239-8B04-7A5441E4FBF8}.Release|x64.ActiveCfg = Release|Any CPU
		{DEF00F66-1AF0-4239-8B04-7A5441E4FBF8}.Release|x64.Build.0 = Release|Any CPU
		{DEF00F66-1AF0-4239-8B04-7A5441E4FBF8}.Release|x86.ActiveCfg = Release|Any CPU
		{DEF00F66-1AF0-4239-8B04-7A5441E4FBF8}.Release|x86.Build.0 = Release|Any CPU
		{8F16A16C-73C8-4C2C-8169-69C95CA3F7DF}.Debug|Any CPU.ActiveCfg = Debug|Any CPU
		{8F16A16C-73C8-4C2C-8169-69C95CA3F7DF}.Debug|Any CPU.Build.0 = Debug|Any CPU
		{8F16A16C-73C8-4C2C-8169-69C95CA3F7DF}.Debug|x64.ActiveCfg = Debug|Any CPU
		{8F16A16C-73C8-4C2C-8169-69C95CA3F7DF}.Debug|x64.Build.0 = Debug|Any CPU
		{8F16A16C-73C8-4C2C-8169-69C95CA3F7DF}.Debug|x86.ActiveCfg = Debug|Any CPU
		{8F16A16C-73C8-4C2C-8169-69C95CA3F7DF}.Debug|x86.Build.0 = Debug|Any CPU
		{8F16A16C-73C8-4C2C-8169-69C95CA3F7DF}.Release|Any CPU.ActiveCfg = Release|Any CPU
		{8F16A16C-73C8-4C2C-8169-69C95CA3F7DF}.Release|Any CPU.Build.0 = Release|Any CPU
		{8F16A16C-73C8-4C2C-8169-69C95CA3F7DF}.Release|x64.ActiveCfg = Release|Any CPU
		{8F16A16C-73C8-4C2C-8169-69C95CA3F7DF}.Release|x64.Build.0 = Release|Any CPU
		{8F16A16C-73C8-4C2C-8169-69C95CA3F7DF}.Release|x86.ActiveCfg = Release|Any CPU
		{8F16A16C-73C8-4C2C-8169-69C95CA3F7DF}.Release|x86.Build.0 = Release|Any CPU
	EndGlobalSection
	GlobalSection(SolutionProperties) = preSolution
		HideSolutionNode = FALSE
	EndGlobalSection
	GlobalSection(NestedProjects) = preSolution
		{3CDBFAA7-1527-4752-A2FF-A96B45531DC8} = {827E0CD3-B72D-47B6-A68D-7590B98EB39B}
		{22BB3A21-7512-43DD-B7BE-2B3B933EFAAF} = {827E0CD3-B72D-47B6-A68D-7590B98EB39B}
		{8BCAF953-711A-45E6-8569-5FB145C6D4DE} = {827E0CD3-B72D-47B6-A68D-7590B98EB39B}
		{C6CEBAF8-9DCA-407D-B433-DD43FECEE8A7} = {827E0CD3-B72D-47B6-A68D-7590B98EB39B}
		{DEF00F66-1AF0-4239-8B04-7A5441E4FBF8} = {0AB3BF05-4346-4AA6-1389-037BE0695223}
		{8F16A16C-73C8-4C2C-8169-69C95CA3F7DF} = {0AB3BF05-4346-4AA6-1389-037BE0695223}
	EndGlobalSection
EndGlobal
